
Microsoft Visual Studio Solution File, Format Version 12.00
# Visual Studio Version 17
VisualStudioVersion = 17.7.34221.43
MinimumVisualStudioVersion = 10.0.40219.1
Project("{FAE04EC0-301F-11D3-BF4B-00C04F79EFBC}") = "TicTacToe", "TicTacToe.csproj", "{3FFAD5A1-30D4-4240-AEB5-AFFBB85B7DB3}"
EndProject
Global
	GlobalSection(SolutionConfigurationPlatforms) = preSolution
		Debug|Any CPU = Debug|Any CPU
		Release|Any CPU = Release|Any CPU
	EndGlobalSection
	GlobalSection(ProjectConfigurationPlatforms) = postSolution
		{3FFAD5A1-30D4-4240-AEB5-AFFBB85B7DB3}.Debug|Any CPU.ActiveCfg = Debug|Any CPU
		{3FFAD5A1-30D4-4240-AEB5-AFFBB85B7DB3}.Debug|Any CPU.Build.0 = Debug|Any CPU
		{3FFAD5A1-30D4-4240-AEB5-AFFBB85B7DB3}.Release|Any CPU.ActiveCfg = Release|Any CPU
		{3FFAD5A1-30D4-4240-AEB5-AFFBB85B7DB3}.Release|Any CPU.Build.0 = Release|Any CPU
	EndGlobalSection
	GlobalSection(SolutionProperties) = preSolution
		HideSolutionNode = FALSE
	EndGlobalSection
	GlobalSection(ExtensibilityGlobals) = postSolution
		SolutionGuid = {EF803E96-2EC3-4CEC-B513-2F86B108C8AE}
	EndGlobalSection
EndGlobal
